version = 1
revision = 2
requires-python = ">=3.13"

[[package]]
name = "2captcha-python"
version = "1.5.1"
source = { registry = "https://pypi.org/simple" }
dependencies = [
    { name = "requests" },
]
sdist = { url = "https://files.pythonhosted.org/packages/40/8e/9126266b3f2020abfc8c058cbb8228a922cdbf6832f38e79b0005bb9f7b5/2captcha_python-1.5.1.tar.gz", hash = "sha256:6d4f496794f67b312c6e33b7a1b1c3cc24c40cf64b6d62c2595d0e35f91ace7c", size = 29437, upload-time = "2025-01-09T14:19:09.488Z" }
wheels = [
    { url = "https://files.pythonhosted.org/packages/43/07/1da144b72c6d931fafb6f86d81ac12ba957ba6ac71209ac1d7b8c8eba954/2captcha_python-1.5.1-py3-none-any.whl", hash = "sha256:d0a914fac273a2b24500e8f08274a5401822a113622371fa5408aa2726824c27", size = 17834, upload-time = "2025-01-09T14:19:07.82Z" },
]

[[package]]
name = "certifi"
version = "2025.4.26"
source = { registry = "https://pypi.org/simple" }
sdist = { url = "https://files.pythonhosted.org/packages/e8/9e/c05b3920a3b7d20d3d3310465f50348e5b3694f4f88c6daf736eef3024c4/certifi-2025.4.26.tar.gz", hash = "sha256:0a816057ea3cdefcef70270d2c515e4506bbc954f417fa5ade2021213bb8f0c6", size = 160705, upload-time = "2025-04-26T02:12:29.51Z" }
wheels = [
    { url = "https://files.pythonhosted.org/packages/4a/7e/3db2bd1b1f9e95f7cddca6d6e75e2f2bd9f51b1246e546d88addca0106bd/certifi-2025.4.26-py3-none-any.whl", hash = "sha256:30350364dfe371162649852c63336a15c70c6510c2ad5015b21c2345311805f3", size = 159618, upload-time = "2025-04-26T02:12:27.662Z" },
]

[[package]]
name = "charset-normalizer"
version = "3.4.2"
source = { registry = "https://pypi.org/simple" }
sdist = { url = "https://files.pythonhosted.org/packages/e4/33/89c2ced2b67d1c2a61c19c6751aa8902d46ce3dacb23600a283619f5a12d/charset_normalizer-3.4.2.tar.gz", hash = "sha256:5baececa9ecba31eff645232d59845c07aa030f0c81ee70184a90d35099a0e63", size = 126367, upload-time = "2025-05-02T08:34:42.01Z" }
wheels = [
    { url = "https://files.pythonhosted.org/packages/ea/12/a93df3366ed32db1d907d7593a94f1fe6293903e3e92967bebd6950ed12c/charset_normalizer-3.4.2-cp313-cp313-macosx_10_13_universal2.whl", hash = "sha256:926ca93accd5d36ccdabd803392ddc3e03e6d4cd1cf17deff3b989ab8e9dbcf0", size = 199622, upload-time = "2025-05-02T08:32:56.363Z" },
    { url = "https://files.pythonhosted.org/packages/04/93/bf204e6f344c39d9937d3c13c8cd5bbfc266472e51fc8c07cb7f64fcd2de/charset_normalizer-3.4.2-cp313-cp313-manylinux_2_17_aarch64.manylinux2014_aarch64.whl", hash = "sha256:eba9904b0f38a143592d9fc0e19e2df0fa2e41c3c3745554761c5f6447eedabf", size = 143435, upload-time = "2025-05-02T08:32:58.551Z" },
    { url = "https://files.pythonhosted.org/packages/22/2a/ea8a2095b0bafa6c5b5a55ffdc2f924455233ee7b91c69b7edfcc9e02284/charset_normalizer-3.4.2-cp313-cp313-manylinux_2_17_ppc64le.manylinux2014_ppc64le.whl", hash = "sha256:3fddb7e2c84ac87ac3a947cb4e66d143ca5863ef48e4a5ecb83bd48619e4634e", size = 153653, upload-time = "2025-05-02T08:33:00.342Z" },
    { url = "https://files.pythonhosted.org/packages/b6/57/1b090ff183d13cef485dfbe272e2fe57622a76694061353c59da52c9a659/charset_normalizer-3.4.2-cp313-cp313-manylinux_2_17_s390x.manylinux2014_s390x.whl", hash = "sha256:98f862da73774290f251b9df8d11161b6cf25b599a66baf087c1ffe340e9bfd1", size = 146231, upload-time = "2025-05-02T08:33:02.081Z" },
    { url = "https://files.pythonhosted.org/packages/e2/28/ffc026b26f441fc67bd21ab7f03b313ab3fe46714a14b516f931abe1a2d8/charset_normalizer-3.4.2-cp313-cp313-manylinux_2_17_x86_64.manylinux2014_x86_64.whl", hash = "sha256:6c9379d65defcab82d07b2a9dfbfc2e95bc8fe0ebb1b176a3190230a3ef0e07c", size = 148243, upload-time = "2025-05-02T08:33:04.063Z" },
    { url = "https://files.pythonhosted.org/packages/c0/0f/9abe9bd191629c33e69e47c6ef45ef99773320e9ad8e9cb08b8ab4a8d4cb/charset_normalizer-3.4.2-cp313-cp313-manylinux_2_5_i686.manylinux1_i686.manylinux_2_17_i686.manylinux2014_i686.whl", hash = "sha256:e635b87f01ebc977342e2697d05b56632f5f879a4f15955dfe8cef2448b51691", size = 150442, upload-time = "2025-05-02T08:33:06.418Z" },
    { url = "https://files.pythonhosted.org/packages/67/7c/a123bbcedca91d5916c056407f89a7f5e8fdfce12ba825d7d6b9954a1a3c/charset_normalizer-3.4.2-cp313-cp313-musllinux_1_2_aarch64.whl", hash = "sha256:1c95a1e2902a8b722868587c0e1184ad5c55631de5afc0eb96bc4b0d738092c0", size = 145147, upload-time = "2025-05-02T08:33:08.183Z" },
    { url = "https://files.pythonhosted.org/packages/ec/fe/1ac556fa4899d967b83e9893788e86b6af4d83e4726511eaaad035e36595/charset_normalizer-3.4.2-cp313-cp313-musllinux_1_2_i686.whl", hash = "sha256:ef8de666d6179b009dce7bcb2ad4c4a779f113f12caf8dc77f0162c29d20490b", size = 153057, upload-time = "2025-05-02T08:33:09.986Z" },
    { url = "https://files.pythonhosted.org/packages/2b/ff/acfc0b0a70b19e3e54febdd5301a98b72fa07635e56f24f60502e954c461/charset_normalizer-3.4.2-cp313-cp313-musllinux_1_2_ppc64le.whl", hash = "sha256:32fc0341d72e0f73f80acb0a2c94216bd704f4f0bce10aedea38f30502b271ff", size = 156454, upload-time = "2025-05-02T08:33:11.814Z" },
    { url = "https://files.pythonhosted.org/packages/92/08/95b458ce9c740d0645feb0e96cea1f5ec946ea9c580a94adfe0b617f3573/charset_normalizer-3.4.2-cp313-cp313-musllinux_1_2_s390x.whl", hash = "sha256:289200a18fa698949d2b39c671c2cc7a24d44096784e76614899a7ccf2574b7b", size = 154174, upload-time = "2025-05-02T08:33:13.707Z" },
    { url = "https://files.pythonhosted.org/packages/78/be/8392efc43487ac051eee6c36d5fbd63032d78f7728cb37aebcc98191f1ff/charset_normalizer-3.4.2-cp313-cp313-musllinux_1_2_x86_64.whl", hash = "sha256:4a476b06fbcf359ad25d34a057b7219281286ae2477cc5ff5e3f70a246971148", size = 149166, upload-time = "2025-05-02T08:33:15.458Z" },
    { url = "https://files.pythonhosted.org/packages/44/96/392abd49b094d30b91d9fbda6a69519e95802250b777841cf3bda8fe136c/charset_normalizer-3.4.2-cp313-cp313-win32.whl", hash = "sha256:aaeeb6a479c7667fbe1099af9617c83aaca22182d6cf8c53966491a0f1b7ffb7", size = 98064, upload-time = "2025-05-02T08:33:17.06Z" },
    { url = "https://files.pythonhosted.org/packages/e9/b0/0200da600134e001d91851ddc797809e2fe0ea72de90e09bec5a2fbdaccb/charset_normalizer-3.4.2-cp313-cp313-win_amd64.whl", hash = "sha256:aa6af9e7d59f9c12b33ae4e9450619cf2488e2bbe9b44030905877f0b2324980", size = 105641, upload-time = "2025-05-02T08:33:18.753Z" },
    { url = "https://files.pythonhosted.org/packages/20/94/c5790835a017658cbfabd07f3bfb549140c3ac458cfc196323996b10095a/charset_normalizer-3.4.2-py3-none-any.whl", hash = "sha256:7f56930ab0abd1c45cd15be65cc741c28b1c9a34876ce8c17a2fa107810c0af0", size = 52626, upload-time = "2025-05-02T08:34:40.053Z" },
]

[[package]]
name = "colorama"
version = "0.4.6"
source = { registry = "https://pypi.org/simple" }
sdist = { url = "https://files.pythonhosted.org/packages/d8/53/6f443c9a4a8358a93a6792e2acffb9d9d5cb0a5cfd8802644b7b1c9a02e4/colorama-0.4.6.tar.gz", hash = "sha256:08695f5cb7ed6e0531a20572697297273c47b8cae5a63ffc6d6ed5c201be6e44", size = 27697, upload-time = "2022-10-25T02:36:22.414Z" }
wheels = [
    { url = "https://files.pythonhosted.org/packages/d1/d6/3965ed04c63042e047cb6a3e6ed1a63a35087b6a609aa3a15ed8ac56c221/colorama-0.4.6-py2.py3-none-any.whl", hash = "sha256:4f1d9991f5acc0ca119f9d443620b77f9d6b33703e51011c16baf57afb285fc6", size = 25335, upload-time = "2022-10-25T02:36:20.889Z" },
]

[[package]]
name = "dotenv"
version = "0.9.9"
source = { registry = "https://pypi.org/simple" }
dependencies = [
    { name = "python-dotenv" },
]
wheels = [
    { url = "https://files.pythonhosted.org/packages/b2/b7/545d2c10c1fc15e48653c91efde329a790f2eecfbbf2bd16003b5db2bab0/dotenv-0.9.9-py2.py3-none-any.whl", hash = "sha256:29cf74a087b31dafdb5a446b6d7e11cbce8ed2741540e2339c69fbef92c94ce9", size = 1892, upload-time = "2025-02-19T22:15:01.647Z" },
]

[[package]]
name = "greenlet"
version = "3.2.2"
source = { registry = "https://pypi.org/simple" }
sdist = { url = "https://files.pythonhosted.org/packages/34/c1/a82edae11d46c0d83481aacaa1e578fea21d94a1ef400afd734d47ad95ad/greenlet-3.2.2.tar.gz", hash = "sha256:ad053d34421a2debba45aa3cc39acf454acbcd025b3fc1a9f8a0dee237abd485", size = 185797, upload-time = "2025-05-09T19:47:35.066Z" }
wheels = [
    { url = "https://files.pythonhosted.org/packages/89/30/97b49779fff8601af20972a62cc4af0c497c1504dfbb3e93be218e093f21/greenlet-3.2.2-cp313-cp313-macosx_11_0_universal2.whl", hash = "sha256:3ab7194ee290302ca15449f601036007873028712e92ca15fc76597a0aeb4c59", size = 269150, upload-time = "2025-05-09T14:50:30.784Z" },
    { url = "https://files.pythonhosted.org/packages/21/30/877245def4220f684bc2e01df1c2e782c164e84b32e07373992f14a2d107/greenlet-3.2.2-cp313-cp313-manylinux_2_17_aarch64.manylinux2014_aarch64.whl", hash = "sha256:2dc5c43bb65ec3669452af0ab10729e8fdc17f87a1f2ad7ec65d4aaaefabf6bf", size = 637381, upload-time = "2025-05-09T15:24:12.893Z" },
    { url = "https://files.pythonhosted.org/packages/8e/16/adf937908e1f913856b5371c1d8bdaef5f58f251d714085abeea73ecc471/greenlet-3.2.2-cp313-cp313-manylinux_2_17_ppc64le.manylinux2014_ppc64le.whl", hash = "sha256:decb0658ec19e5c1f519faa9a160c0fc85a41a7e6654b3ce1b44b939f8bf1325", size = 651427, upload-time = "2025-05-09T15:24:51.074Z" },
    { url = "https://files.pythonhosted.org/packages/ad/49/6d79f58fa695b618654adac64e56aff2eeb13344dc28259af8f505662bb1/greenlet-3.2.2-cp313-cp313-manylinux_2_17_s390x.manylinux2014_s390x.whl", hash = "sha256:6fadd183186db360b61cb34e81117a096bff91c072929cd1b529eb20dd46e6c5", size = 645795, upload-time = "2025-05-09T15:29:26.673Z" },
    { url = "https://files.pythonhosted.org/packages/5a/e6/28ed5cb929c6b2f001e96b1d0698c622976cd8f1e41fe7ebc047fa7c6dd4/greenlet-3.2.2-cp313-cp313-manylinux_2_17_x86_64.manylinux2014_x86_64.whl", hash = "sha256:1919cbdc1c53ef739c94cf2985056bcc0838c1f217b57647cbf4578576c63825", size = 648398, upload-time = "2025-05-09T14:53:36.61Z" },
    { url = "https://files.pythonhosted.org/packages/9d/70/b200194e25ae86bc57077f695b6cc47ee3118becf54130c5514456cf8dac/greenlet-3.2.2-cp313-cp313-manylinux_2_24_x86_64.manylinux_2_28_x86_64.whl", hash = "sha256:3885f85b61798f4192d544aac7b25a04ece5fe2704670b4ab73c2d2c14ab740d", size = 606795, upload-time = "2025-05-09T14:53:47.039Z" },
    { url = "https://files.pythonhosted.org/packages/f8/c8/ba1def67513a941154ed8f9477ae6e5a03f645be6b507d3930f72ed508d3/greenlet-3.2.2-cp313-cp313-musllinux_1_1_aarch64.whl", hash = "sha256:85f3e248507125bf4af607a26fd6cb8578776197bd4b66e35229cdf5acf1dfbf", size = 1117976, upload-time = "2025-05-09T15:27:06.542Z" },
    { url = "https://files.pythonhosted.org/packages/c3/30/d0e88c1cfcc1b3331d63c2b54a0a3a4a950ef202fb8b92e772ca714a9221/greenlet-3.2.2-cp313-cp313-musllinux_1_1_x86_64.whl", hash = "sha256:1e76106b6fc55fa3d6fe1c527f95ee65e324a13b62e243f77b48317346559708", size = 1145509, upload-time = "2025-05-09T14:54:02.223Z" },
    { url = "https://files.pythonhosted.org/packages/90/2e/59d6491834b6e289051b252cf4776d16da51c7c6ca6a87ff97e3a50aa0cd/greenlet-3.2.2-cp313-cp313-win_amd64.whl", hash = "sha256:fe46d4f8e94e637634d54477b0cfabcf93c53f29eedcbdeecaf2af32029b4421", size = 296023, upload-time = "2025-05-09T14:53:24.157Z" },
    { url = "https://files.pythonhosted.org/packages/65/66/8a73aace5a5335a1cba56d0da71b7bd93e450f17d372c5b7c5fa547557e9/greenlet-3.2.2-cp313-cp313t-manylinux_2_17_aarch64.manylinux2014_aarch64.whl", hash = "sha256:ba30e88607fb6990544d84caf3c706c4b48f629e18853fc6a646f82db9629418", size = 629911, upload-time = "2025-05-09T15:24:22.376Z" },
    { url = "https://files.pythonhosted.org/packages/48/08/c8b8ebac4e0c95dcc68ec99198842e7db53eda4ab3fb0a4e785690883991/greenlet-3.2.2-cp313-cp313t-manylinux_2_17_ppc64le.manylinux2014_ppc64le.whl", hash = "sha256:055916fafad3e3388d27dd68517478933a97edc2fc54ae79d3bec827de2c64c4", size = 635251, upload-time = "2025-05-09T15:24:52.205Z" },
    { url = "https://files.pythonhosted.org/packages/37/26/7db30868f73e86b9125264d2959acabea132b444b88185ba5c462cb8e571/greenlet-3.2.2-cp313-cp313t-manylinux_2_17_s390x.manylinux2014_s390x.whl", hash = "sha256:2593283bf81ca37d27d110956b79e8723f9aa50c4bcdc29d3c0543d4743d2763", size = 632620, upload-time = "2025-05-09T15:29:28.051Z" },
    { url = "https://files.pythonhosted.org/packages/10/ec/718a3bd56249e729016b0b69bee4adea0dfccf6ca43d147ef3b21edbca16/greenlet-3.2.2-cp313-cp313t-manylinux_2_17_x86_64.manylinux2014_x86_64.whl", hash = "sha256:89c69e9a10670eb7a66b8cef6354c24671ba241f46152dd3eed447f79c29fb5b", size = 628851, upload-time = "2025-05-09T14:53:38.472Z" },
    { url = "https://files.pythonhosted.org/packages/9b/9d/d1c79286a76bc62ccdc1387291464af16a4204ea717f24e77b0acd623b99/greenlet-3.2.2-cp313-cp313t-manylinux_2_24_x86_64.manylinux_2_28_x86_64.whl", hash = "sha256:02a98600899ca1ca5d3a2590974c9e3ec259503b2d6ba6527605fcd74e08e207", size = 593718, upload-time = "2025-05-09T14:53:48.313Z" },
    { url = "https://files.pythonhosted.org/packages/cd/41/96ba2bf948f67b245784cd294b84e3d17933597dffd3acdb367a210d1949/greenlet-3.2.2-cp313-cp313t-musllinux_1_1_aarch64.whl", hash = "sha256:b50a8c5c162469c3209e5ec92ee4f95c8231b11db6a04db09bbe338176723bb8", size = 1105752, upload-time = "2025-05-09T15:27:08.217Z" },
    { url = "https://files.pythonhosted.org/packages/68/3b/3b97f9d33c1f2eb081759da62bd6162159db260f602f048bc2f36b4c453e/greenlet-3.2.2-cp313-cp313t-musllinux_1_1_x86_64.whl", hash = "sha256:45f9f4853fb4cc46783085261c9ec4706628f3b57de3e68bae03e8f8b3c0de51", size = 1125170, upload-time = "2025-05-09T14:54:04.082Z" },
    { url = "https://files.pythonhosted.org/packages/31/df/b7d17d66c8d0f578d2885a3d8f565e9e4725eacc9d3fdc946d0031c055c4/greenlet-3.2.2-cp314-cp314-macosx_11_0_universal2.whl", hash = "sha256:9ea5231428af34226c05f927e16fc7f6fa5e39e3ad3cd24ffa48ba53a47f4240", size = 269899, upload-time = "2025-05-09T14:54:01.581Z" },
]

[[package]]
name = "idna"
version = "3.10"
source = { registry = "https://pypi.org/simple" }
sdist = { url = "https://files.pythonhosted.org/packages/f1/70/7703c29685631f5a7590aa73f1f1d3fa9a380e654b86af429e0934a32f7d/idna-3.10.tar.gz", hash = "sha256:12f65c9b470abda6dc35cf8e63cc574b1c52b11df2c86030af0ac09b01b13ea9", size = 190490, upload-time = "2024-09-15T18:07:39.745Z" }
wheels = [
    { url = "https://files.pythonhosted.org/packages/76/c6/c88e154df9c4e1a2a66ccf0005a88dfb2650c1dffb6f5ce603dfbd452ce3/idna-3.10-py3-none-any.whl", hash = "sha256:946d195a0d259cbba61165e88e65941f16e9b36ea6ddb97f00452bae8b1287d3", size = 70442, upload-time = "2024-09-15T18:07:37.964Z" },
]

[[package]]
name = "iniconfig"
version = "2.1.0"
source = { registry = "https://pypi.org/simple" }
sdist = { url = "https://files.pythonhosted.org/packages/f2/97/ebf4da567aa6827c909642694d71c9fcf53e5b504f2d96afea02718862f3/iniconfig-2.1.0.tar.gz", hash = "sha256:3abbd2e30b36733fee78f9c7f7308f2d0050e88f0087fd25c2645f63c773e1c7", size = 4793, upload-time = "2025-03-19T20:09:59.721Z" }
wheels = [
    { url = "https://files.pythonhosted.org/packages/2c/e1/e6716421ea10d38022b952c159d5161ca1193197fb744506875fbb87ea7b/iniconfig-2.1.0-py3-none-any.whl", hash = "sha256:9deba5723312380e77435581c6bf4935c94cbfab9b1ed33ef8d238ea168eb760", size = 6050, upload-time = "2025-03-19T20:10:01.071Z" },
]

[[package]]
name = "packaging"
version = "25.0"
source = { registry = "https://pypi.org/simple" }
sdist = { url = "https://files.pythonhosted.org/packages/a1/d4/1fc4078c65507b51b96ca8f8c3ba19e6a61c8253c72794544580a7b6c24d/packaging-25.0.tar.gz", hash = "sha256:d443872c98d677bf60f6a1f2f8c1cb748e8fe762d2bf9d3148b5599295b0fc4f", size = 165727, upload-time = "2025-04-19T11:48:59.673Z" }
wheels = [
    { url = "https://files.pythonhosted.org/packages/20/12/38679034af332785aac8774540895e234f4d07f7545804097de4b666afd8/packaging-25.0-py3-none-any.whl", hash = "sha256:29572ef2b1f17581046b3a2227d5c611fb25ec70ca1ba8554b24b0e69331a484", size = 66469, upload-time = "2025-04-19T11:48:57.875Z" },
]

[[package]]
name = "playwright"
version = "1.52.0"
source = { registry = "https://pypi.org/simple" }
dependencies = [
    { name = "greenlet" },
    { name = "pyee" },
]
wheels = [
    { url = "https://files.pythonhosted.org/packages/1e/62/a20240605485ca99365a8b72ed95e0b4c5739a13fb986353f72d8d3f1d27/playwright-1.52.0-py3-none-macosx_10_13_x86_64.whl", hash = "sha256:19b2cb9d4794062008a635a99bd135b03ebb782d460f96534a91cb583f549512", size = 39611246, upload-time = "2025-04-30T09:28:32.386Z" },
    { url = "https://files.pythonhosted.org/packages/dc/23/57ff081663b3061a2a3f0e111713046f705da2595f2f384488a76e4db732/playwright-1.52.0-py3-none-macosx_11_0_arm64.whl", hash = "sha256:0797c0479cbdc99607412a3c486a3a2ec9ddc77ac461259fd2878c975bcbb94a", size = 37962977, upload-time = "2025-04-30T09:28:37.719Z" },
    { url = "https://files.pythonhosted.org/packages/a2/ff/eee8532cff4b3d768768152e8c4f30d3caa80f2969bf3143f4371d377b74/playwright-1.52.0-py3-none-macosx_11_0_universal2.whl", hash = "sha256:7223960b7dd7ddeec1ba378c302d1d09733b8dac438f492e9854c85d3ca7144f", size = 39611247, upload-time = "2025-04-30T09:28:41.082Z" },
    { url = "https://files.pythonhosted.org/packages/73/c6/8e27af9798f81465b299741ef57064c6ec1a31128ed297406469907dc5a4/playwright-1.52.0-py3-none-manylinux1_x86_64.whl", hash = "sha256:d010124d24a321e0489a8c0d38a3971a7ca7656becea7656c9376bfea7f916d4", size = 45141333, upload-time = "2025-04-30T09:28:45.103Z" },
    { url = "https://files.pythonhosted.org/packages/4e/e9/0661d343ed55860bcfb8934ce10e9597fc953358773ece507b22b0f35c57/playwright-1.52.0-py3-none-manylinux_2_17_aarch64.manylinux2014_aarch64.whl", hash = "sha256:4173e453c43180acc60fd77ffe1ebee8d0efbfd9986c03267007b9c3845415af", size = 44540623, upload-time = "2025-04-30T09:28:48.749Z" },
    { url = "https://files.pythonhosted.org/packages/7a/81/a850dbc6bc2e1bd6cc87341e59c253269602352de83d34b00ea38cf410ee/playwright-1.52.0-py3-none-win32.whl", hash = "sha256:cd0bdf92df99db6237a99f828e80a6a50db6180ef8d5352fc9495df2c92f9971", size = 34839156, upload-time = "2025-04-30T09:28:52.768Z" },
    { url = "https://files.pythonhosted.org/packages/51/f3/cca2aa84eb28ea7d5b85d16caa92d62d18b6e83636e3d67957daca1ee4c7/playwright-1.52.0-py3-none-win_amd64.whl", hash = "sha256:dcbf75101eba3066b7521c6519de58721ea44379eb17a0dafa94f9f1b17f59e4", size = 34839164, upload-time = "2025-04-30T09:28:56.36Z" },
    { url = "https://files.pythonhosted.org/packages/b5/4f/71a8a873e8c3c3e2d3ec03a578e546f6875be8a76214d90219f752f827cd/playwright-1.52.0-py3-none-win_arm64.whl", hash = "sha256:9d0085b8de513de5fb50669f8e6677f0252ef95a9a1d2d23ccee9638e71e65cb", size = 30688972, upload-time = "2025-04-30T09:28:59.47Z" },
]

[[package]]
name = "playwright-stealth"
version = "1.0.6"
source = { registry = "https://pypi.org/simple" }
dependencies = [
    { name = "playwright" },
]
sdist = { url = "https://files.pythonhosted.org/packages/e5/dc/4e88b517e4c9cfb63f1b0b67d59adddcef2dc2fe0883b90e07119d15895a/playwright-stealth-1.0.6.tar.gz", hash = "sha256:b504d951d00fac755c7d13665a29611d415180510bd7d23f14ebc89439ba2043", size = 19984, upload-time = "2023-09-08T02:25:48.464Z" }
wheels = [
    { url = "https://files.pythonhosted.org/packages/34/10/60981cb8d8e22487061b98a0803313c4fb519cc95ab1421516304a0cfcd0/playwright_stealth-1.0.6-py3-none-any.whl", hash = "sha256:b1b2bcf58eb6859aa53d42c49b91c4e27b74a6d13fc3d0c85eea513dd55efda3", size = 28288, upload-time = "2023-09-08T02:28:46.586Z" },
]

[[package]]
name = "pluggy"
version = "1.6.0"
source = { registry = "https://pypi.org/simple" }
sdist = { url = "https://files.pythonhosted.org/packages/f9/e2/3e91f31a7d2b083fe6ef3fa267035b518369d9511ffab804f839851d2779/pluggy-1.6.0.tar.gz", hash = "sha256:7dcc130b76258d33b90f61b658791dede3486c3e6bfb003ee5c9bfb396dd22f3", size = 69412, upload-time = "2025-05-15T12:30:07.975Z" }
wheels = [
    { url = "https://files.pythonhosted.org/packages/54/20/4d324d65cc6d9205fabedc306948156824eb9f0ee1633355a8f7ec5c66bf/pluggy-1.6.0-py3-none-any.whl", hash = "sha256:e920276dd6813095e9377c0bc5566d94c932c33b27a3e3945d8389c374dd4746", size = 20538, upload-time = "2025-05-15T12:30:06.134Z" },
]

[[package]]
name = "pyee"
version = "13.0.0"
source = { registry = "https://pypi.org/simple" }
dependencies = [
    { name = "typing-extensions" },
]
sdist = { url = "https://files.pythonhosted.org/packages/95/03/1fd98d5841cd7964a27d729ccf2199602fe05eb7a405c1462eb7277945ed/pyee-13.0.0.tar.gz", hash = "sha256:b391e3c5a434d1f5118a25615001dbc8f669cf410ab67d04c4d4e07c55481c37", size = 31250, upload-time = "2025-03-17T18:53:15.955Z" }
wheels = [
    { url = "https://files.pythonhosted.org/packages/9b/4d/b9add7c84060d4c1906abe9a7e5359f2a60f7a9a4f67268b2766673427d8/pyee-13.0.0-py3-none-any.whl", hash = "sha256:48195a3cddb3b1515ce0695ed76036b5ccc2ef3a9f963ff9f77aec0139845498", size = 15730, upload-time = "2025-03-17T18:53:14.532Z" },
]

[[package]]
name = "pytest"
version = "8.3.5"
source = { registry = "https://pypi.org/simple" }
dependencies = [
    { name = "colorama", marker = "sys_platform == 'win32'" },
    { name = "iniconfig" },
    { name = "packaging" },
    { name = "pluggy" },
]
sdist = { url = "https://files.pythonhosted.org/packages/ae/3c/c9d525a414d506893f0cd8a8d0de7706446213181570cdbd766691164e40/pytest-8.3.5.tar.gz", hash = "sha256:f4efe70cc14e511565ac476b57c279e12a855b11f48f212af1080ef2263d3845", size = 1450891, upload-time = "2025-03-02T12:54:54.503Z" }
wheels = [
    { url = "https://files.pythonhosted.org/packages/30/3d/64ad57c803f1fa1e963a7946b6e0fea4a70df53c1a7fed304586539c2bac/pytest-8.3.5-py3-none-any.whl", hash = "sha256:c69214aa47deac29fad6c2a4f590b9c4a9fdb16a403176fe154b79c0b4d4d820", size = 343634, upload-time = "2025-03-02T12:54:52.069Z" },
]

[[package]]
name = "pytest-base-url"
version = "2.1.0"
source = { registry = "https://pypi.org/simple" }
dependencies = [
    { name = "pytest" },
    { name = "requests" },
]
sdist = { url = "https://files.pythonhosted.org/packages/ae/1a/b64ac368de6b993135cb70ca4e5d958a5c268094a3a2a4cac6f0021b6c4f/pytest_base_url-2.1.0.tar.gz", hash = "sha256:02748589a54f9e63fcbe62301d6b0496da0d10231b753e950c63e03aee745d45", size = 6702, upload-time = "2024-01-31T22:43:00.81Z" }
wheels = [
    { url = "https://files.pythonhosted.org/packages/98/1c/b00940ab9eb8ede7897443b771987f2f4a76f06be02f1b3f01eb7567e24a/pytest_base_url-2.1.0-py3-none-any.whl", hash = "sha256:3ad15611778764d451927b2a53240c1a7a591b521ea44cebfe45849d2d2812e6", size = 5302, upload-time = "2024-01-31T22:42:58.897Z" },
]

[[package]]
name = "pytest-playwright"
version = "0.7.0"
source = { registry = "https://pypi.org/simple" }
dependencies = [
    { name = "playwright" },
    { name = "pytest" },
    { name = "pytest-base-url" },
    { name = "python-slugify" },
]
sdist = { url = "https://files.pythonhosted.org/packages/e3/47/38e292ad92134a00ea05e6fc4fc44577baaa38b0922ab7ea56312b7a6663/pytest_playwright-0.7.0.tar.gz", hash = "sha256:b3f2ea514bbead96d26376fac182f68dcd6571e7cb41680a89ff1673c05d60b6", size = 16666, upload-time = "2025-01-31T11:06:05.453Z" }
wheels = [
    { url = "https://files.pythonhosted.org/packages/d8/96/5f8a4545d783674f3de33f0ebc4db16cc76ce77a4c404d284f43f09125e3/pytest_playwright-0.7.0-py3-none-any.whl", hash = "sha256:2516d0871fa606634bfe32afbcc0342d68da2dbff97fe3459849e9c428486da2", size = 16618, upload-time = "2025-01-31T11:06:08.075Z" },
]

[[package]]
name = "python-dotenv"
version = "1.1.0"
source = { registry = "https://pypi.org/simple" }
sdist = { url = "https://files.pythonhosted.org/packages/88/2c/7bb1416c5620485aa793f2de31d3df393d3686aa8a8506d11e10e13c5baf/python_dotenv-1.1.0.tar.gz", hash = "sha256:41f90bc6f5f177fb41f53e87666db362025010eb28f60a01c9143bfa33a2b2d5", size = 39920, upload-time = "2025-03-25T10:14:56.835Z" }
wheels = [
    { url = "https://files.pythonhosted.org/packages/1e/18/98a99ad95133c6a6e2005fe89faedf294a748bd5dc803008059409ac9b1e/python_dotenv-1.1.0-py3-none-any.whl", hash = "sha256:d7c01d9e2293916c18baf562d95698754b0dbbb5e74d457c45d4f6561fb9d55d", size = 20256, upload-time = "2025-03-25T10:14:55.034Z" },
]

[[package]]
name = "python-slugify"
version = "8.0.4"
source = { registry = "https://pypi.org/simple" }
dependencies = [
    { name = "text-unidecode" },
]
sdist = { url = "https://files.pythonhosted.org/packages/87/c7/5e1547c44e31da50a460df93af11a535ace568ef89d7a811069ead340c4a/python-slugify-8.0.4.tar.gz", hash = "sha256:59202371d1d05b54a9e7720c5e038f928f45daaffe41dd10822f3907b937c856", size = 10921, upload-time = "2024-02-08T18:32:45.488Z" }
wheels = [
    { url = "https://files.pythonhosted.org/packages/a4/62/02da182e544a51a5c3ccf4b03ab79df279f9c60c5e82d5e8bec7ca26ac11/python_slugify-8.0.4-py2.py3-none-any.whl", hash = "sha256:276540b79961052b66b7d116620b36518847f52d5fd9e3a70164fc8c50faa6b8", size = 10051, upload-time = "2024-02-08T18:32:43.911Z" },
]

[[package]]
name = "requests"
version = "2.32.3"
source = { registry = "https://pypi.org/simple" }
dependencies = [
    { name = "certifi" },
    { name = "charset-normalizer" },
    { name = "idna" },
    { name = "urllib3" },
]
sdist = { url = "https://files.pythonhosted.org/packages/63/70/2bf7780ad2d390a8d301ad0b550f1581eadbd9a20f896afe06353c2a2913/requests-2.32.3.tar.gz", hash = "sha256:55365417734eb18255590a9ff9eb97e9e1da868d4ccd6402399eaf68af20a760", size = 131218, upload-time = "2024-05-29T15:37:49.536Z" }
wheels = [
    { url = "https://files.pythonhosted.org/packages/f9/9b/335f9764261e915ed497fcdeb11df5dfd6f7bf257d4a6a2a686d80da4d54/requests-2.32.3-py3-none-any.whl", hash = "sha256:70761cfe03c773ceb22aa2f671b4757976145175cdfca038c02654d061d6dcc6", size = 64928, upload-time = "2024-05-29T15:37:47.027Z" },
]

[[package]]
name = "ruff"
version = "0.11.12"
source = { registry = "https://pypi.org/simple" }
sdist = { url = "https://files.pythonhosted.org/packages/15/0a/92416b159ec00cdf11e5882a9d80d29bf84bba3dbebc51c4898bfbca1da6/ruff-0.11.12.tar.gz", hash = "sha256:43cf7f69c7d7c7d7513b9d59c5d8cafd704e05944f978614aa9faff6ac202603", size = 4202289, upload-time = "2025-05-29T13:31:40.037Z" }
wheels = [
    { url = "https://files.pythonhosted.org/packages/60/cc/53eb79f012d15e136d40a8e8fc519ba8f55a057f60b29c2df34efd47c6e3/ruff-0.11.12-py3-none-linux_armv6l.whl", hash = "sha256:c7680aa2f0d4c4f43353d1e72123955c7a2159b8646cd43402de6d4a3a25d7cc", size = 10285597, upload-time = "2025-05-29T13:30:57.539Z" },
    { url = "https://files.pythonhosted.org/packages/e7/d7/73386e9fb0232b015a23f62fea7503f96e29c29e6c45461d4a73bac74df9/ruff-0.11.12-py3-none-macosx_10_12_x86_64.whl", hash = "sha256:2cad64843da9f134565c20bcc430642de897b8ea02e2e79e6e02a76b8dcad7c3", size = 11053154, upload-time = "2025-05-29T13:31:00.865Z" },
    { url = "https://files.pythonhosted.org/packages/4e/eb/3eae144c5114e92deb65a0cb2c72326c8469e14991e9bc3ec0349da1331c/ruff-0.11.12-py3-none-macosx_11_0_arm64.whl", hash = "sha256:9b6886b524a1c659cee1758140138455d3c029783d1b9e643f3624a5ee0cb0aa", size = 10403048, upload-time = "2025-05-29T13:31:03.413Z" },
    { url = "https://files.pythonhosted.org/packages/29/64/20c54b20e58b1058db6689e94731f2a22e9f7abab74e1a758dfba058b6ca/ruff-0.11.12-py3-none-manylinux_2_17_aarch64.manylinux2014_aarch64.whl", hash = "sha256:3cc3a3690aad6e86c1958d3ec3c38c4594b6ecec75c1f531e84160bd827b2012", size = 10597062, upload-time = "2025-05-29T13:31:05.539Z" },
    { url = "https://files.pythonhosted.org/packages/29/3a/79fa6a9a39422a400564ca7233a689a151f1039110f0bbbabcb38106883a/ruff-0.11.12-py3-none-manylinux_2_17_armv7l.manylinux2014_armv7l.whl", hash = "sha256:f97fdbc2549f456c65b3b0048560d44ddd540db1f27c778a938371424b49fe4a", size = 10155152, upload-time = "2025-05-29T13:31:07.986Z" },
    { url = "https://files.pythonhosted.org/packages/e5/a4/22c2c97b2340aa968af3a39bc38045e78d36abd4ed3fa2bde91c31e712e3/ruff-0.11.12-py3-none-manylinux_2_17_i686.manylinux2014_i686.whl", hash = "sha256:74adf84960236961090e2d1348c1a67d940fd12e811a33fb3d107df61eef8fc7", size = 11723067, upload-time = "2025-05-29T13:31:10.57Z" },
    { url = "https://files.pythonhosted.org/packages/bc/cf/3e452fbd9597bcd8058856ecd42b22751749d07935793a1856d988154151/ruff-0.11.12-py3-none-manylinux_2_17_ppc64.manylinux2014_ppc64.whl", hash = "sha256:b56697e5b8bcf1d61293ccfe63873aba08fdbcbbba839fc046ec5926bdb25a3a", size = 12460807, upload-time = "2025-05-29T13:31:12.88Z" },
    { url = "https://files.pythonhosted.org/packages/2f/ec/8f170381a15e1eb7d93cb4feef8d17334d5a1eb33fee273aee5d1f8241a3/ruff-0.11.12-py3-none-manylinux_2_17_ppc64le.manylinux2014_ppc64le.whl", hash = "sha256:4d47afa45e7b0eaf5e5969c6b39cbd108be83910b5c74626247e366fd7a36a13", size = 12063261, upload-time = "2025-05-29T13:31:15.236Z" },
    { url = "https://files.pythonhosted.org/packages/0d/bf/57208f8c0a8153a14652a85f4116c0002148e83770d7a41f2e90b52d2b4e/ruff-0.11.12-py3-none-manylinux_2_17_s390x.manylinux2014_s390x.whl", hash = "sha256:692bf9603fe1bf949de8b09a2da896f05c01ed7a187f4a386cdba6760e7f61be", size = 11329601, upload-time = "2025-05-29T13:31:18.68Z" },
    { url = "https://files.pythonhosted.org/packages/c3/56/edf942f7fdac5888094d9ffa303f12096f1a93eb46570bcf5f14c0c70880/ruff-0.11.12-py3-none-manylinux_2_17_x86_64.manylinux2014_x86_64.whl", hash = "sha256:08033320e979df3b20dba567c62f69c45e01df708b0f9c83912d7abd3e0801cd", size = 11522186, upload-time = "2025-05-29T13:31:21.216Z" },
    { url = "https://files.pythonhosted.org/packages/ed/63/79ffef65246911ed7e2290aeece48739d9603b3a35f9529fec0fc6c26400/ruff-0.11.12-py3-none-musllinux_1_2_aarch64.whl", hash = "sha256:929b7706584f5bfd61d67d5070f399057d07c70585fa8c4491d78ada452d3bef", size = 10449032, upload-time = "2025-05-29T13:31:23.417Z" },
    { url = "https://files.pythonhosted.org/packages/88/19/8c9d4d8a1c2a3f5a1ea45a64b42593d50e28b8e038f1aafd65d6b43647f3/ruff-0.11.12-py3-none-musllinux_1_2_armv7l.whl", hash = "sha256:7de4a73205dc5756b8e09ee3ed67c38312dce1aa28972b93150f5751199981b5", size = 10129370, upload-time = "2025-05-29T13:31:25.777Z" },
    { url = "https://files.pythonhosted.org/packages/bc/0f/2d15533eaa18f460530a857e1778900cd867ded67f16c85723569d54e410/ruff-0.11.12-py3-none-musllinux_1_2_i686.whl", hash = "sha256:2635c2a90ac1b8ca9e93b70af59dfd1dd2026a40e2d6eebaa3efb0465dd9cf02", size = 11123529, upload-time = "2025-05-29T13:31:28.396Z" },
    { url = "https://files.pythonhosted.org/packages/4f/e2/4c2ac669534bdded835356813f48ea33cfb3a947dc47f270038364587088/ruff-0.11.12-py3-none-musllinux_1_2_x86_64.whl", hash = "sha256:d05d6a78a89166f03f03a198ecc9d18779076ad0eec476819467acb401028c0c", size = 11577642, upload-time = "2025-05-29T13:31:30.647Z" },
    { url = "https://files.pythonhosted.org/packages/a7/9b/c9ddf7f924d5617a1c94a93ba595f4b24cb5bc50e98b94433ab3f7ad27e5/ruff-0.11.12-py3-none-win32.whl", hash = "sha256:f5a07f49767c4be4772d161bfc049c1f242db0cfe1bd976e0f0886732a4765d6", size = 10475511, upload-time = "2025-05-29T13:31:32.917Z" },
    { url = "https://files.pythonhosted.org/packages/fd/d6/74fb6d3470c1aada019ffff33c0f9210af746cca0a4de19a1f10ce54968a/ruff-0.11.12-py3-none-win_amd64.whl", hash = "sha256:5a4d9f8030d8c3a45df201d7fb3ed38d0219bccd7955268e863ee4a115fa0832", size = 11523573, upload-time = "2025-05-29T13:31:35.782Z" },
    { url = "https://files.pythonhosted.org/packages/44/42/d58086ec20f52d2b0140752ae54b355ea2be2ed46f914231136dd1effcc7/ruff-0.11.12-py3-none-win_arm64.whl", hash = "sha256:65194e37853158d368e333ba282217941029a28ea90913c67e558c611d04daa5", size = 10697770, upload-time = "2025-05-29T13:31:38.009Z" },
]

[[package]]
name = "setuptools"
version = "80.9.0"
source = { registry = "https://pypi.org/simple" }
sdist = { url = "https://files.pythonhosted.org/packages/18/5d/3bf57dcd21979b887f014ea83c24ae194cfcd12b9e0fda66b957c69d1fca/setuptools-80.9.0.tar.gz", hash = "sha256:f36b47402ecde768dbfafc46e8e4207b4360c654f1f3bb84475f0a28628fb19c", size = 1319958, upload-time = "2025-05-27T00:56:51.443Z" }
wheels = [
    { url = "https://files.pythonhosted.org/packages/a3/dc/17031897dae0efacfea57dfd3a82fdd2a2aeb58e0ff71b77b87e44edc772/setuptools-80.9.0-py3-none-any.whl", hash = "sha256:062d34222ad13e0cc312a4c02d73f059e86a4acbfbdea8f8f76b28c99f306922", size = 1201486, upload-time = "2025-05-27T00:56:49.664Z" },
]

[[package]]
name = "stealth-browser"
version = "0.1.0"
source = { virtual = "." }
dependencies = [
    { name = "2captcha-python" },
    { name = "dotenv" },
    { name = "playwright-stealth" },
    { name = "pytest-playwright" },
    { name = "setuptools" },
]

[package.dev-dependencies]
dev = [
    { name = "ruff" },
]

[package.metadata]
requires-dist = [
    { name = "2captcha-python", specifier = ">=1.5.1" },
    { name = "dotenv", specifier = ">=0.9.9" },
    { name = "playwright-stealth", specifier = ">=1.0.6" },
    { name = "pytest-playwright", specifier = ">=0.7.0" },
    { name = "setuptools", specifier = ">=80.9.0" },
]

[package.metadata.requires-dev]
dev = [{ name = "ruff", specifier = ">=0.11.12" }]

[[package]]
name = "text-unidecode"
version = "1.3"
source = { registry = "https://pypi.org/simple" }
sdist = { url = "https://files.pythonhosted.org/packages/ab/e2/e9a00f0ccb71718418230718b3d900e71a5d16e701a3dae079a21e9cd8f8/text-unidecode-1.3.tar.gz", hash = "sha256:bad6603bb14d279193107714b288be206cac565dfa49aa5b105294dd5c4aab93", size = 76885, upload-time = "2019-08-30T21:36:45.405Z" }
wheels = [
    { url = "https://files.pythonhosted.org/packages/a6/a5/c0b6468d3824fe3fde30dbb5e1f687b291608f9473681bbf7dabbf5a87d7/text_unidecode-1.3-py2.py3-none-any.whl", hash = "sha256:1311f10e8b895935241623731c2ba64f4c455287888b18189350b67134a822e8", size = 78154, upload-time = "2019-08-30T21:37:03.543Z" },
]

[[package]]
name = "typing-extensions"
version = "4.13.2"
source = { registry = "https://pypi.org/simple" }
sdist = { url = "https://files.pythonhosted.org/packages/f6/37/23083fcd6e35492953e8d2aaaa68b860eb422b34627b13f2ce3eb6106061/typing_extensions-4.13.2.tar.gz", hash = "sha256:e6c81219bd689f51865d9e372991c540bda33a0379d5573cddb9a3a23f7caaef", size = 106967, upload-time = "2025-04-10T14:19:05.416Z" }
wheels = [
    { url = "https://files.pythonhosted.org/packages/8b/54/b1ae86c0973cc6f0210b53d508ca3641fb6d0c56823f288d108bc7ab3cc8/typing_extensions-4.13.2-py3-none-any.whl", hash = "sha256:a439e7c04b49fec3e5d3e2beaa21755cadbbdc391694e28ccdd36ca4a1408f8c", size = 45806, upload-time = "2025-04-10T14:19:03.967Z" },
]

[[package]]
name = "urllib3"
version = "2.4.0"
source = { registry = "https://pypi.org/simple" }
sdist = { url = "https://files.pythonhosted.org/packages/8a/78/16493d9c386d8e60e442a35feac5e00f0913c0f4b7c217c11e8ec2ff53e0/urllib3-2.4.0.tar.gz", hash = "sha256:414bc6535b787febd7567804cc015fee39daab8ad86268f1310a9250697de466", size = 390672, upload-time = "2025-04-10T15:23:39.232Z" }
wheels = [
    { url = "https://files.pythonhosted.org/packages/6b/11/cc635220681e93a0183390e26485430ca2c7b5f9d33b15c74c2861cb8091/urllib3-2.4.0-py3-none-any.whl", hash = "sha256:4e16665048960a0900c702d4a66415956a584919c03361cac9f1df5c5dd7e813", size = 128680, upload-time = "2025-04-10T15:23:37.377Z" },
]
